// !$*UTF8*$!
{
	archiveVersion = 1;
	classes = {
	};
	objectVersion = 46;
	objects = {

/* Begin PBXBuildFile section */
		01E71FDD1A0AC672008A1804 /* AppDelegate.m in Sources */ = {isa = PBXBuildFile; fileRef = 01E71FDC1A0AC672008A1804 /* AppDelegate.m */; };
		01E71FDF1A0AC672008A1804 /* main.m in Sources */ = {isa = PBXBuildFile; fileRef = 01E71FDE1A0AC672008A1804 /* main.m */; };
		01E71FE11A0AC672008A1804 /* Images.xcassets in Resources */ = {isa = PBXBuildFile; fileRef = 01E71FE01A0AC672008A1804 /* Images.xcassets */; };
		01E71FE41A0AC672008A1804 /* MainMenu.xib in Resources */ = {isa = PBXBuildFile; fileRef = 01E71FE21A0AC672008A1804 /* MainMenu.xib */; };
		01E71FF01A0AC672008A1804 /* ESServerTests.m in Sources */ = {isa = PBXBuildFile; fileRef = 01E71FEF1A0AC672008A1804 /* ESServerTests.m */; };
/* End PBXBuildFile section */

/* Begin PBXContainerItemProxy section */
		01E71FEA1A0AC672008A1804 /* PBXContainerItemProxy */ = {
			isa = PBXContainerItemProxy;
			containerPortal = 01E71FCE1A0AC672008A1804 /* Project object */;
			proxyType = 1;
			remoteGlobalIDString = 01E71FD51A0AC672008A1804;
			remoteInfo = ESServer;
		};
/* End PBXContainerItemProxy section */

/* Begin PBXFileReference section */
		01E71FD61A0AC672008A1804 /* ESServer.app */ = {isa = PBXFileReference; explicitFileType = wrapper.application; includeInIndex = 0; path = ESServer.app; sourceTree = BUILT_PRODUCTS_DIR; };
		01E71FDA1A0AC672008A1804 /* Info.plist */ = {isa = PBXFileReference; lastKnownFileType = text.plist.xml; path = Info.plist; sourceTree = "<group>"; };
		01E71FDB1A0AC672008A1804 /* AppDelegate.h */ = {isa = PBXFileReference; lastKnownFileType = sourcecode.c.h; path = AppDelegate.h; sourceTree = "<group>"; };
		01E71FDC1A0AC672008A1804 /* AppDelegate.m */ = {isa = PBXFileReference; lastKnownFileType = sourcecode.c.objc; path = AppDelegate.m; sourceTree = "<group>"; };
		01E71FDE1A0AC672008A1804 /* main.m */ = {isa = PBXFileReference; lastKnownFileType = sourcecode.c.objc; path = main.m; sourceTree = "<group>"; };
		01E71FE01A0AC672008A1804 /* Images.xcassets */ = {isa = PBXFileReference; lastKnownFileType = folder.assetcatalog; path = Images.xcassets; sourceTree = "<group>"; };
		01E71FE31A0AC672008A1804 /* Base */ = {isa = PBXFileReference; lastKnownFileType = file.xib; name = Base; path = Base.lproj/MainMenu.xib; sourceTree = "<group>"; };
		01E71FE91A0AC672008A1804 /* ESServerTests.xctest */ = {isa = PBXFileReference; explicitFileType = wrapper.cfbundle; includeInIndex = 0; path = ESServerTests.xctest; sourceTree = BUILT_PRODUCTS_DIR; };
		01E71FEE1A0AC672008A1804 /* Info.plist */ = {isa = PBXFileReference; lastKnownFileType = text.plist.xml; path = Info.plist; sourceTree = "<group>"; };
		01E71FEF1A0AC672008A1804 /* ESServerTests.m */ = {isa = PBXFileReference; lastKnownFileType = sourcecode.c.objc; path = ESServerTests.m; sourceTree = "<group>"; };
/* End PBXFileReference section */

/* Begin PBXFrameworksBuildPhase section */
		01E71FD31A0AC672008A1804 /* Frameworks */ = {
			isa = PBXFrameworksBuildPhase;
			buildActionMask = 2147483647;
			files = (
			);
			runOnlyForDeploymentPostprocessing = 0;
		};
		01E71FE61A0AC672008A1804 /* Frameworks */ = {
			isa = PBXFrameworksBuildPhase;
			buildActionMask = 2147483647;
			files = (
			);
			runOnlyForDeploymentPostprocessing = 0;
		};
/* End PBXFrameworksBuildPhase section */

/* Begin PBXGroup section */
		01E71FCD1A0AC672008A1804 = {
			isa = PBXGroup;
			children = (
				01E71FD81A0AC672008A1804 /* ESServer */,
				01E71FEC1A0AC672008A1804 /* ESServerTests */,
				01E71FD71A0AC672008A1804 /* Products */,
			);
			sourceTree = "<group>";
		};
		01E71FD71A0AC672008A1804 /* Products */ = {
			isa = PBXGroup;
			children = (
				01E71FD61A0AC672008A1804 /* ESServer.app */,
				01E71FE91A0AC672008A1804 /* ESServerTests.xctest */,
			);
			name = Products;
			sourceTree = "<group>";
		};
		01E71FD81A0AC672008A1804 /* ESServer */ = {
			isa = PBXGroup;
			children = (
				01E71FDB1A0AC672008A1804 /* AppDelegate.h */,
				01E71FDC1A0AC672008A1804 /* AppDelegate.m */,
				01E71FE01A0AC672008A1804 /* Images.xcassets */,
				01E71FE21A0AC672008A1804 /* MainMenu.xib */,
				01E71FD91A0AC672008A1804 /* Supporting Files */,
			);
			path = ESServer;
			sourceTree = "<group>";
		};
		01E71FD91A0AC672008A1804 /* Supporting Files */ = {
			isa = PBXGroup;
			children = (
				01E71FDA1A0AC672008A1804 /* Info.plist */,
				01E71FDE1A0AC672008A1804 /* main.m */,
			);
			name = "Supporting Files";
			sourceTree = "<group>";
		};
		01E71FEC1A0AC672008A1804 /* ESServerTests */ = {
			isa = PBXGroup;
			children = (
				01E71FEF1A0AC672008A1804 /* ESServerTests.m */,
				01E71FED1A0AC672008A1804 /* Supporting Files */,
			);
			path = ESServerTests;
			sourceTree = "<group>";
		};
		01E71FED1A0AC672008A1804 /* Supporting Files */ = {
			isa = PBXGroup;
			children = (
				01E71FEE1A0AC672008A1804 /* Info.plist */,
			);
			name = "Supporting Files";
			sourceTree = "<group>";
		};
/* End PBXGroup section */

/* Begin PBXNativeTarget section */
		01E71FD51A0AC672008A1804 /* ESServer */ = {
			isa = PBXNativeTarget;
			buildConfigurationList = 01E71FF31A0AC672008A1804 /* Build configuration list for PBXNativeTarget "ESServer" */;
			buildPhases = (
				01E71FD21A0AC672008A1804 /* Sources */,
				01E71FD31A0AC672008A1804 /* Frameworks */,
				01E71FD41A0AC672008A1804 /* Resources */,
			);
			buildRules = (
			);
			dependencies = (
			);
			name = ESServer;
			productName = ESServer;
			productReference = 01E71FD61A0AC672008A1804 /* ESServer.app */;
			productType = "com.apple.product-type.application";
		};
		01E71FE81A0AC672008A1804 /* ESServerTests */ = {
			isa = PBXNativeTarget;
			buildConfigurationList = 01E71FF61A0AC672008A1804 /* Build configuration list for PBXNativeTarget "ESServerTests" */;
			buildPhases = (
				01E71FE51A0AC672008A1804 /* Sources */,
				01E71FE61A0AC672008A1804 /* Frameworks */,
				01E71FE71A0AC672008A1804 /* Resources */,
			);
			buildRules = (
			);
			dependencies = (
				01E71FEB1A0AC672008A1804 /* PBXTargetDependency */,
			);
			name = ESServerTests;
			productName = ESServerTests;
			productReference = 01E71FE91A0AC672008A1804 /* ESServerTests.xctest */;
			productType = "com.apple.product-type.bundle.unit-test";
		};
/* End PBXNativeTarget section */

/* Begin PBXProject section */
		01E71FCE1A0AC672008A1804 /* Project object */ = {
			isa = PBXProject;
			attributes = {
				LastUpgradeCheck = 0610;
				ORGANIZATIONNAME = "Thomas Williams";
				TargetAttributes = {
					01E71FD51A0AC672008A1804 = {
						CreatedOnToolsVersion = 6.1;
					};
					01E71FE81A0AC672008A1804 = {
						CreatedOnToolsVersion = 6.1;
						TestTargetID = 01E71FD51A0AC672008A1804;
					};
				};
			};
			buildConfigurationList = 01E71FD11A0AC672008A1804 /* Build configuration list for PBXProject "ESServer" */;
			compatibilityVersion = "Xcode 3.2";
			developmentRegion = English;
			hasScannedForEncodings = 0;
			knownRegions = (
				en,
				Base,
			);
			mainGroup = 01E71FCD1A0AC672008A1804;
			productRefGroup = 01E71FD71A0AC672008A1804 /* Products */;
			projectDirPath = "";
			projectRoot = "";
			targets = (
				01E71FD51A0AC672008A1804 /* ESServer */,
				01E71FE81A0AC672008A1804 /* ESServerTests */,
			);
		};
/* End PBXProject section */

/* Begin PBXResourcesBuildPhase section */
		01E71FD41A0AC672008A1804 /* Resources */ = {
			isa = PBXResourcesBuildPhase;
			buildActionMask = 2147483647;
			files = (
				01E71FE11A0AC672008A1804 /* Images.xcassets in Resources */,
				01E71FE41A0AC672008A1804 /* MainMenu.xib in Resources */,
			);
			runOnlyForDeploymentPostprocessing = 0;
		};
		01E71FE71A0AC672008A1804 /* Resources */ = {
			isa = PBXResourcesBuildPhase;
			buildActionMask = 2147483647;
			files = (
			);
			runOnlyForDeploymentPostprocessing = 0;
		};
/* End PBXResourcesBuildPhase section */

/* Begin PBXSourcesBuildPhase section */
		01E71FD21A0AC672008A1804 /* Sources */ = {
			isa = PBXSourcesBuildPhase;
			buildActionMask = 2147483647;
			files = (
				01E71FDF1A0AC672008A1804 /* main.m in Sources */,
				01E71FDD1A0AC672008A1804 /* AppDelegate.m in Sources */,
			);
			runOnlyForDeploymentPostprocessing = 0;
		};
		01E71FE51A0AC672008A1804 /* Sources */ = {
			isa = PBXSourcesBuildPhase;
			buildActionMask = 2147483647;
			files = (
				01E71FF01A0AC672008A1804 /* ESServerTests.m in Sources */,
			);
			runOnlyForDeploymentPostprocessing = 0;
		};
/* End PBXSourcesBuildPhase section */

/* Begin PBXTargetDependency section */
		01E71FEB1A0AC672008A1804 /* PBXTargetDependency */ = {
			isa = PBXTargetDependency;
			target = 01E71FD51A0AC672008A1804 /* ESServer */;
			targetProxy = 01E71FEA1A0AC672008A1804 /* PBXContainerItemProxy */;
		};
/* End PBXTargetDependency section */

/* Begin PBXVariantGroup section */
		01E71FE21A0AC672008A1804 /* MainMenu.xib */ = {
			isa = PBXVariantGroup;
			children = (
				01E71FE31A0AC672008A1804 /* Base */,
			);
			name = MainMenu.xib;
			sourceTree = "<group>";
		};
/* End PBXVariantGroup section */

/* Begin XCBuildConfiguration section */
		01E71FF11A0AC672008A1804 /* Debug */ = {
			isa = XCBuildConfiguration;
			buildSettings = {
				ALWAYS_SEARCH_USER_PATHS = NO;
				CLANG_CXX_LANGUAGE_STANDARD = "gnu++0x";
				CLANG_CXX_LIBRARY = "libc++";
				CLANG_ENABLE_MODULES = YES;
				CLANG_ENABLE_OBJC_ARC = YES;
				CLANG_WARN_BOOL_CONVERSION = YES;
				CLANG_WARN_CONSTANT_CONVERSION = YES;
				CLANG_WARN_DIRECT_OBJC_ISA_USAGE = YES_ERROR;
				CLANG_WARN_EMPTY_BODY = YES;
				CLANG_WARN_ENUM_CONVERSION = YES;
				CLANG_WARN_INT_CONVERSION = YES;
				CLANG_WARN_OBJC_ROOT_CLASS = YES_ERROR;
				CLANG_WARN_UNREACHABLE_CODE = YES;
				CLANG_WARN__DUPLICATE_METHOD_MATCH = YES;
				CODE_SIGN_IDENTITY = "-";
				COPY_PHASE_STRIP = NO;
				ENABLE_STRICT_OBJC_MSGSEND = YES;
				GCC_C_LANGUAGE_STANDARD = gnu99;
				GCC_DYNAMIC_NO_PIC = NO;
				GCC_OPTIMIZATION_LEVEL = 0;
				GCC_PREPROCESSOR_DEFINITIONS = (
					"DEBUG=1",
					"$(inherited)",
				);
				GCC_SYMBOLS_PRIVATE_EXTERN = NO;
				GCC_WARN_64_TO_32_BIT_CONVERSION = YES;
				GCC_WARN_ABOUT_RETURN_TYPE = YES_ERROR;
				GCC_WARN_UNDECLARED_SELECTOR = YES;
				GCC_WARN_UNINITIALIZED_AUTOS = YES_AGGRESSIVE;
				GCC_WARN_UNUSED_FUNCTION = YES;
				GCC_WARN_UNUSED_VARIABLE = YES;
				MACOSX_DEPLOYMENT_TARGET = 10.9;
				MTL_ENABLE_DEBUG_INFO = YES;
				ONLY_ACTIVE_ARCH = YES;
				SDKROOT = macosx;
			};
			name = Debug;
		};
		01E71FF21A0AC672008A1804 /* Release */ = {
			isa = XCBuildConfiguration;
			buildSettings = {
				ALWAYS_SEARCH_USER_PATHS = NO;
				CLANG_CXX_LANGUAGE_STANDARD = "gnu++0x";
				CLANG_CXX_LIBRARY = "libc++";
				CLANG_ENABLE_MODULES = YES;
				CLANG_ENABLE_OBJC_ARC = YES;
				CLANG_WARN_BOOL_CONVERSION = YES;
				CLANG_WARN_CONSTANT_CONVERSION = YES;
				CLANG_WARN_DIRECT_OBJC_ISA_USAGE = YES_ERROR;
				CLANG_WARN_EMPTY_BODY = YES;
				CLANG_WARN_ENUM_CONVERSION = YES;
				CLANG_WARN_INT_CONVERSION = YES;
				CLANG_WARN_OBJC_ROOT_CLASS = YES_ERROR;
				CLANG_WARN_UNREACHABLE_CODE = YES;
				CLANG_WARN__DUPLICATE_METHOD_MATCH = YES;
				CODE_SIGN_IDENTITY = "-";
				COPY_PHASE_STRIP = YES;
				DEBUG_INFORMATION_FORMAT = "dwarf-with-dsym";
				ENABLE_NS_ASSERTIONS = NO;
				ENABLE_STRICT_OBJC_MSGSEND = YES;
				GCC_C_LANGUAGE_STANDARD = gnu99;
				GCC_WARN_64_TO_32_BIT_CONVERSION = YES;
				GCC_WARN_ABOUT_RETURN_TYPE = YES_ERROR;
				GCC_WARN_UNDECLARED_SELECTOR = YES;
				GCC_WARN_UNINITIALIZED_AUTOS = YES_AGGRESSIVE;
				GCC_WARN_UNUSED_FUNCTION = YES;
				GCC_WARN_UNUSED_VARIABLE = YES;
				MACOSX_DEPLOYMENT_TARGET = 10.9;
				MTL_ENABLE_DEBUG_INFO = NO;
				SDKROOT = macosx;
			};
			name = Release;
		};
		01E71FF41A0AC672008A1804 /* Debug */ = {
			isa = XCBuildConfiguration;
			buildSettings = {
				ASSETCATALOG_COMPILER_APPICON_NAME = AppIcon;
				COMBINE_HIDPI_IMAGES = YES;
				INFOPLIST_FILE = ESServer/Info.plist;
				LD_RUNPATH_SEARCH_PATHS = "$(inherited) @executable_path/../Frameworks";
				PRODUCT_NAME = "$(TARGET_NAME)";
			};
			name = Debug;
		};
		01E71FF51A0AC672008A1804 /* Release */ = {
			isa = XCBuildConfiguration;
			buildSettings = {
				ASSETCATALOG_COMPILER_APPICON_NAME = AppIcon;
				COMBINE_HIDPI_IMAGES = YES;
				INFOPLIST_FILE = ESServer/Info.plist;
				LD_RUNPATH_SEARCH_PATHS = "$(inherited) @executable_path/../Frameworks";
				PRODUCT_NAME = "$(TARGET_NAME)";
			};
			name = Release;
		};
		01E71FF71A0AC672008A1804 /* Debug */ = {
			isa = XCBuildConfiguration;
			buildSettings = {
				BUNDLE_LOADER = "$(TEST_HOST)";
				COMBINE_HIDPI_IMAGES = YES;
				FRAMEWORK_SEARCH_PATHS = (
					"$(DEVELOPER_FRAMEWORKS_DIR)",
					"$(inherited)",
				);
				GCC_PREPROCESSOR_DEFINITIONS = (
					"DEBUG=1",
					"$(inherited)",
				);
				INFOPLIST_FILE = ESServerTests/Info.plist;
				LD_RUNPATH_SEARCH_PATHS = "$(inherited) @executable_path/../Frameworks @loader_path/../Frameworks";
				PRODUCT_NAME = "$(TARGET_NAME)";
				TEST_HOST = "$(BUILT_PRODUCTS_DIR)/ESServer.app/Contents/MacOS/ESServer";
			};
			name = Debug;
		};
		01E71FF81A0AC672008A1804 /* Release */ = {
			isa = XCBuildConfiguration;
			buildSettings = {
				BUNDLE_LOADER = "$(TEST_HOST)";
				COMBINE_HIDPI_IMAGES = YES;
				FRAMEWORK_SEARCH_PATHS = (
					"$(DEVELOPER_FRAMEWORKS_DIR)",
					"$(inherited)",
				);
				INFOPLIST_FILE = ESServerTests/Info.plist;
				LD_RUNPATH_SEARCH_PATHS = "$(inherited) @executable_path/../Frameworks @loader_path/../Frameworks";
				PRODUCT_NAME = "$(TARGET_NAME)";
				TEST_HOST = "$(BUILT_PRODUCTS_DIR)/ESServer.app/Contents/MacOS/ESServer";
			};
			name = Release;
		};
/* End XCBuildConfiguration section */

/* Begin XCConfigurationList section */
		01E71FD11A0AC672008A1804 /* Build configuration list for PBXProject "ESServer" */ = {
			isa = XCConfigurationList;
			buildConfigurations = (
				01E71FF11A0AC672008A1804 /* Debug */,
				01E71FF21A0AC672008A1804 /* Release */,
			);
			defaultConfigurationIsVisible = 0;
			defaultConfigurationName = Release;
		};
		01E71FF31A0AC672008A1804 /* Build configuration list for PBXNativeTarget "ESServer" */ = {
			isa = XCConfigurationList;
			buildConfigurations = (
				01E71FF41A0AC672008A1804 /* Debug */,
				01E71FF51A0AC672008A1804 /* Release */,
			);
			defaultConfigurationIsVisible = 0;
		};
		01E71FF61A0AC672008A1804 /* Build configuration list for PBXNativeTarget "ESServerTests" */ = {
			isa = XCConfigurationList;
			buildConfigurations = (
				01E71FF71A0AC672008A1804 /* Debug */,
				01E71FF81A0AC672008A1804 /* Release */,
			);
			defaultConfigurationIsVisible = 0;
		};
/* End XCConfigurationList section */
	};
	rootObject = 01E71FCE1A0AC672008A1804 /* Project object */;
}
